
Microsoft Visual Studio Solution File, Format Version 12.00
# Visual Studio 15
VisualStudioVersion = 15.0.27428.1
MinimumVisualStudioVersion = 10.0.40219.1
Project("{9A19103F-16F7-4668-BE54-9A1E7A4F7556}") = "Miles to Kilometers", "Miles to Kilometers.csproj", "{17386BD3-850E-4A34-A699-01ACFEE42911}"
EndProject
Global
	GlobalSection(SolutionConfigurationPlatforms) = preSolution
		Debug|Any CPU = Debug|Any CPU
		Release|Any CPU = Release|Any CPU
	EndGlobalSection
	GlobalSection(ProjectConfigurationPlatforms) = postSolution
		{17386BD3-850E-4A34-A699-01ACFEE42911}.Debug|Any CPU.ActiveCfg = Debug|Any CPU
		{17386BD3-850E-4A34-A699-01ACFEE42911}.Debug|Any CPU.Build.0 = Debug|Any CPU
		{17386BD3-850E-4A34-A699-01ACFEE42911}.Release|Any CPU.ActiveCfg = Release|Any CPU
		{17386BD3-850E-4A34-A699-01ACFEE42911}.Release|Any CPU.Build.0 = Release|Any CPU
	EndGlobalSection
	GlobalSection(SolutionProperties) = preSolution
		HideSolutionNode = FALSE
	EndGlobalSection
	GlobalSection(ExtensibilityGlobals) = postSolution
		SolutionGuid = {7BEC06DE-F512-4D93-87F2-C3CF0A9EB943}
	EndGlobalSection
EndGlobal
